
Microsoft Visual Studio Solution File, Format Version 12.00
# Visual Studio Version 17
VisualStudioVersion = 17.3.32825.248
MinimumVisualStudioVersion = 10.0.40219.1
Project("{FAE04EC0-301F-11D3-BF4B-00C04F79EFBC}") = "NBA", "NBA\NBA.csproj", "{A48C9C7E-DF64-44B6-84CA-40E3AEFFD1AF}"
EndProject
Global
	GlobalSection(SolutionConfigurationPlatforms) = preSolution
		Debug|Any CPU = Debug|Any CPU
		Release|Any CPU = Release|Any CPU
	EndGlobalSection
	GlobalSection(ProjectConfigurationPlatforms) = postSolution
		{A48C9C7E-DF64-44B6-84CA-40E3AEFFD1AF}.Debug|Any CPU.ActiveCfg = Debug|Any CPU
		{A48C9C7E-DF64-44B6-84CA-40E3AEFFD1AF}.Debug|Any CPU.Build.0 = Debug|Any CPU
		{A48C9C7E-DF64-44B6-84CA-40E3AEFFD1AF}.Release|Any CPU.ActiveCfg = Release|Any CPU
		{A48C9C7E-DF64-44B6-84CA-40E3AEFFD1AF}.Release|Any CPU.Build.0 = Release|Any CPU
	EndGlobalSection
	GlobalSection(SolutionProperties) = preSolution
		HideSolutionNode = FALSE
	EndGlobalSection
	GlobalSection(ExtensibilityGlobals) = postSolution
		SolutionGuid = {CF5AB30A-25B5-414A-AB5C-9393661B4047}
	EndGlobalSection
EndGlobal
